// !$*UTF8*$!
{
	archiveVersion = 1;
	classes = {
	};
	objectVersion = 56;
	objects = {

/* Begin PBXBuildFile section */
		F4077C142BBE06B9003631A1 /* AppDelegate.swift in Sources */ = {isa = PBXBuildFile; fileRef = F4077C132BBE06B9003631A1 /* AppDelegate.swift */; };
		F4077C162BBE06B9003631A1 /* SceneDelegate.swift in Sources */ = {isa = PBXBuildFile; fileRef = F4077C152BBE06B9003631A1 /* SceneDelegate.swift */; };
		F4077C182BBE06B9003631A1 /* ViewController.swift in Sources */ = {isa = PBXBuildFile; fileRef = F4077C172BBE06B9003631A1 /* ViewController.swift */; };
		F4077C1E2BBE06B9003631A1 /* Cointrunk.xcdatamodeld in Sources */ = {isa = PBXBuildFile; fileRef = F4077C1C2BBE06B9003631A1 /* Cointrunk.xcdatamodeld */; };
		F4077C202BBE06BA003631A1 /* Assets.xcassets in Resources */ = {isa = PBXBuildFile; fileRef = F4077C1F2BBE06BA003631A1 /* Assets.xcassets */; };
		F4077C232BBE06BA003631A1 /* LaunchScreen.storyboard in Resources */ = {isa = PBXBuildFile; fileRef = F4077C212BBE06BA003631A1 /* LaunchScreen.storyboard */; };
		F4077C2B2BBE0F61003631A1 /* BitcoinRateResponceModel.swift in Sources */ = {isa = PBXBuildFile; fileRef = F4077C2A2BBE0F61003631A1 /* BitcoinRateResponceModel.swift */; };
		F4077C2D2BBE0F8D003631A1 /* BitoinRateService.swift in Sources */ = {isa = PBXBuildFile; fileRef = F4077C2C2BBE0F8D003631A1 /* BitoinRateService.swift */; };
		F4077C2F2BBE13F4003631A1 /* TransactionModel.swift in Sources */ = {isa = PBXBuildFile; fileRef = F4077C2E2BBE13F4003631A1 /* TransactionModel.swift */; };
		F4077C312BBE1479003631A1 /* TransactionCategory.swift in Sources */ = {isa = PBXBuildFile; fileRef = F4077C302BBE1479003631A1 /* TransactionCategory.swift */; };
		F4077C332BBE161E003631A1 /* WalletBalance.swift in Sources */ = {isa = PBXBuildFile; fileRef = F4077C322BBE161E003631A1 /* WalletBalance.swift */; };
		F4077C352BBE162C003631A1 /* BitcoinRate.swift in Sources */ = {isa = PBXBuildFile; fileRef = F4077C342BBE162C003631A1 /* BitcoinRate.swift */; };
/* End PBXBuildFile section */

/* Begin PBXFileReference section */
		F4077C102BBE06B9003631A1 /* Cointrunk.app */ = {isa = PBXFileReference; explicitFileType = wrapper.application; includeInIndex = 0; path = Cointrunk.app; sourceTree = BUILT_PRODUCTS_DIR; };
		F4077C132BBE06B9003631A1 /* AppDelegate.swift */ = {isa = PBXFileReference; lastKnownFileType = sourcecode.swift; path = AppDelegate.swift; sourceTree = "<group>"; };
		F4077C152BBE06B9003631A1 /* SceneDelegate.swift */ = {isa = PBXFileReference; lastKnownFileType = sourcecode.swift; path = SceneDelegate.swift; sourceTree = "<group>"; };
		F4077C172BBE06B9003631A1 /* ViewController.swift */ = {isa = PBXFileReference; lastKnownFileType = sourcecode.swift; path = ViewController.swift; sourceTree = "<group>"; };
		F4077C1D2BBE06B9003631A1 /* Cointrunk.xcdatamodel */ = {isa = PBXFileReference; lastKnownFileType = wrapper.xcdatamodel; path = Cointrunk.xcdatamodel; sourceTree = "<group>"; };
		F4077C1F2BBE06BA003631A1 /* Assets.xcassets */ = {isa = PBXFileReference; lastKnownFileType = folder.assetcatalog; path = Assets.xcassets; sourceTree = "<group>"; };
		F4077C222BBE06BA003631A1 /* Base */ = {isa = PBXFileReference; lastKnownFileType = file.storyboard; name = Base; path = Base.lproj/LaunchScreen.storyboard; sourceTree = "<group>"; };
		F4077C242BBE06BA003631A1 /* Info.plist */ = {isa = PBXFileReference; lastKnownFileType = text.plist.xml; path = Info.plist; sourceTree = "<group>"; };
		F4077C2A2BBE0F61003631A1 /* BitcoinRateResponceModel.swift */ = {isa = PBXFileReference; lastKnownFileType = sourcecode.swift; path = BitcoinRateResponceModel.swift; sourceTree = "<group>"; };
		F4077C2C2BBE0F8D003631A1 /* BitoinRateService.swift */ = {isa = PBXFileReference; lastKnownFileType = sourcecode.swift; path = BitoinRateService.swift; sourceTree = "<group>"; };
		F4077C2E2BBE13F4003631A1 /* TransactionModel.swift */ = {isa = PBXFileReference; lastKnownFileType = sourcecode.swift; path = TransactionModel.swift; sourceTree = "<group>"; };
		F4077C302BBE1479003631A1 /* TransactionCategory.swift */ = {isa = PBXFileReference; lastKnownFileType = sourcecode.swift; path = TransactionCategory.swift; sourceTree = "<group>"; };
		F4077C322BBE161E003631A1 /* WalletBalance.swift */ = {isa = PBXFileReference; lastKnownFileType = sourcecode.swift; path = WalletBalance.swift; sourceTree = "<group>"; };
		F4077C342BBE162C003631A1 /* BitcoinRate.swift */ = {isa = PBXFileReference; lastKnownFileType = sourcecode.swift; path = BitcoinRate.swift; sourceTree = "<group>"; };
/* End PBXFileReference section */

/* Begin PBXFrameworksBuildPhase section */
		F4077C0D2BBE06B9003631A1 /* Frameworks */ = {
			isa = PBXFrameworksBuildPhase;
			buildActionMask = 2147483647;
			files = (
			);
			runOnlyForDeploymentPostprocessing = 0;
		};
/* End PBXFrameworksBuildPhase section */

/* Begin PBXGroup section */
		F4077C072BBE06B9003631A1 = {
			isa = PBXGroup;
			children = (
				F4077C122BBE06B9003631A1 /* Cointrunk */,
				F4077C112BBE06B9003631A1 /* Products */,
			);
			sourceTree = "<group>";
		};
		F4077C112BBE06B9003631A1 /* Products */ = {
			isa = PBXGroup;
			children = (
				F4077C102BBE06B9003631A1 /* Cointrunk.app */,
			);
			name = Products;
			sourceTree = "<group>";
		};
		F4077C122BBE06B9003631A1 /* Cointrunk */ = {
			isa = PBXGroup;
			children = (
				F4077C132BBE06B9003631A1 /* AppDelegate.swift */,
				F4077C152BBE06B9003631A1 /* SceneDelegate.swift */,
				F4077C172BBE06B9003631A1 /* ViewController.swift */,
				F4077C362BBE16CA003631A1 /* Models */,
				F4077C2C2BBE0F8D003631A1 /* BitoinRateService.swift */,
				F4077C1F2BBE06BA003631A1 /* Assets.xcassets */,
				F4077C212BBE06BA003631A1 /* LaunchScreen.storyboard */,
				F4077C242BBE06BA003631A1 /* Info.plist */,
				F4077C1C2BBE06B9003631A1 /* Cointrunk.xcdatamodeld */,
			);
			path = Cointrunk;
			sourceTree = "<group>";
		};
		F4077C362BBE16CA003631A1 /* Models */ = {
			isa = PBXGroup;
			children = (
				F4077C2A2BBE0F61003631A1 /* BitcoinRateResponceModel.swift */,
				F4077C2E2BBE13F4003631A1 /* TransactionModel.swift */,
				F4077C322BBE161E003631A1 /* WalletBalance.swift */,
				F4077C342BBE162C003631A1 /* BitcoinRate.swift */,
				F4077C302BBE1479003631A1 /* TransactionCategory.swift */,
			);
			path = Models;
			sourceTree = "<group>";
		};
/* End PBXGroup section */

/* Begin PBXNativeTarget section */
		F4077C0F2BBE06B9003631A1 /* Cointrunk */ = {
			isa = PBXNativeTarget;
			buildConfigurationList = F4077C272BBE06BA003631A1 /* Build configuration list for PBXNativeTarget "Cointrunk" */;
			buildPhases = (
				F4077C0C2BBE06B9003631A1 /* Sources */,
				F4077C0D2BBE06B9003631A1 /* Frameworks */,
				F4077C0E2BBE06B9003631A1 /* Resources */,
			);
			buildRules = (
			);
			dependencies = (
			);
			name = Cointrunk;
			productName = Cointrunk;
			productReference = F4077C102BBE06B9003631A1 /* Cointrunk.app */;
			productType = "com.apple.product-type.application";
		};
/* End PBXNativeTarget section */

/* Begin PBXProject section */
		F4077C082BBE06B9003631A1 /* Project object */ = {
			isa = PBXProject;
			attributes = {
				BuildIndependentTargetsInParallel = 1;
				LastSwiftUpdateCheck = 1520;
				LastUpgradeCheck = 1520;
				TargetAttributes = {
					F4077C0F2BBE06B9003631A1 = {
						CreatedOnToolsVersion = 15.2;
					};
				};
			};
			buildConfigurationList = F4077C0B2BBE06B9003631A1 /* Build configuration list for PBXProject "Cointrunk" */;
			compatibilityVersion = "Xcode 14.0";
			developmentRegion = en;
			hasScannedForEncodings = 0;
			knownRegions = (
				en,
				Base,
			);
			mainGroup = F4077C072BBE06B9003631A1;
			productRefGroup = F4077C112BBE06B9003631A1 /* Products */;
			projectDirPath = "";
			projectRoot = "";
			targets = (
				F4077C0F2BBE06B9003631A1 /* Cointrunk */,
			);
		};
/* End PBXProject section */

/* Begin PBXResourcesBuildPhase section */
		F4077C0E2BBE06B9003631A1 /* Resources */ = {
			isa = PBXResourcesBuildPhase;
			buildActionMask = 2147483647;
			files = (
				F4077C232BBE06BA003631A1 /* LaunchScreen.storyboard in Resources */,
				F4077C202BBE06BA003631A1 /* Assets.xcassets in Resources */,
			);
			runOnlyForDeploymentPostprocessing = 0;
		};
/* End PBXResourcesBuildPhase section */

/* Begin PBXSourcesBuildPhase section */
		F4077C0C2BBE06B9003631A1 /* Sources */ = {
			isa = PBXSourcesBuildPhase;
			buildActionMask = 2147483647;
			files = (
				F4077C312BBE1479003631A1 /* TransactionCategory.swift in Sources */,
				F4077C182BBE06B9003631A1 /* ViewController.swift in Sources */,
				F4077C2B2BBE0F61003631A1 /* BitcoinRateResponceModel.swift in Sources */,
				F4077C332BBE161E003631A1 /* WalletBalance.swift in Sources */,
				F4077C2D2BBE0F8D003631A1 /* BitoinRateService.swift in Sources */,
				F4077C142BBE06B9003631A1 /* AppDelegate.swift in Sources */,
				F4077C2F2BBE13F4003631A1 /* TransactionModel.swift in Sources */,
				F4077C162BBE06B9003631A1 /* SceneDelegate.swift in Sources */,
				F4077C352BBE162C003631A1 /* BitcoinRate.swift in Sources */,
				F4077C1E2BBE06B9003631A1 /* Cointrunk.xcdatamodeld in Sources */,
			);
			runOnlyForDeploymentPostprocessing = 0;
		};
/* End PBXSourcesBuildPhase section */

/* Begin PBXVariantGroup section */
		F4077C212BBE06BA003631A1 /* LaunchScreen.storyboard */ = {
			isa = PBXVariantGroup;
			children = (
				F4077C222BBE06BA003631A1 /* Base */,
			);
			name = LaunchScreen.storyboard;
			sourceTree = "<group>";
		};
/* End PBXVariantGroup section */

/* Begin XCBuildConfiguration section */
		F4077C252BBE06BA003631A1 /* Debug */ = {
			isa = XCBuildConfiguration;
			buildSettings = {
				ALWAYS_SEARCH_USER_PATHS = NO;
				ASSETCATALOG_COMPILER_GENERATE_SWIFT_ASSET_SYMBOL_EXTENSIONS = YES;
				CLANG_ANALYZER_NONNULL = YES;
				CLANG_ANALYZER_NUMBER_OBJECT_CONVERSION = YES_AGGRESSIVE;
				CLANG_CXX_LANGUAGE_STANDARD = "gnu++20";
				CLANG_ENABLE_MODULES = YES;
				CLANG_ENABLE_OBJC_ARC = YES;
				CLANG_ENABLE_OBJC_WEAK = YES;
				CLANG_WARN_BLOCK_CAPTURE_AUTORELEASING = YES;
				CLANG_WARN_BOOL_CONVERSION = YES;
				CLANG_WARN_COMMA = YES;
				CLANG_WARN_CONSTANT_CONVERSION = YES;
				CLANG_WARN_DEPRECATED_OBJC_IMPLEMENTATIONS = YES;
				CLANG_WARN_DIRECT_OBJC_ISA_USAGE = YES_ERROR;
				CLANG_WARN_DOCUMENTATION_COMMENTS = YES;
				CLANG_WARN_EMPTY_BODY = YES;
				CLANG_WARN_ENUM_CONVERSION = YES;
				CLANG_WARN_INFINITE_RECURSION = YES;
				CLANG_WARN_INT_CONVERSION = YES;
				CLANG_WARN_NON_LITERAL_NULL_CONVERSION = YES;
				CLANG_WARN_OBJC_IMPLICIT_RETAIN_SELF = YES;
				CLANG_WARN_OBJC_LITERAL_CONVERSION = YES;
				CLANG_WARN_OBJC_ROOT_CLASS = YES_ERROR;
				CLANG_WARN_QUOTED_INCLUDE_IN_FRAMEWORK_HEADER = YES;
				CLANG_WARN_RANGE_LOOP_ANALYSIS = YES;
				CLANG_WARN_STRICT_PROTOTYPES = YES;
				CLANG_WARN_SUSPICIOUS_MOVE = YES;
				CLANG_WARN_UNGUARDED_AVAILABILITY = YES_AGGRESSIVE;
				CLANG_WARN_UNREACHABLE_CODE = YES;
				CLANG_WARN__DUPLICATE_METHOD_MATCH = YES;
				COPY_PHASE_STRIP = NO;
				DEBUG_INFORMATION_FORMAT = dwarf;
				ENABLE_STRICT_OBJC_MSGSEND = YES;
				ENABLE_TESTABILITY = YES;
				ENABLE_USER_SCRIPT_SANDBOXING = YES;
				GCC_C_LANGUAGE_STANDARD = gnu17;
				GCC_DYNAMIC_NO_PIC = NO;
				GCC_NO_COMMON_BLOCKS = YES;
				GCC_OPTIMIZATION_LEVEL = 0;
				GCC_PREPROCESSOR_DEFINITIONS = (
					"DEBUG=1",
					"$(inherited)",
				);
				GCC_WARN_64_TO_32_BIT_CONVERSION = YES;
				GCC_WARN_ABOUT_RETURN_TYPE = YES_ERROR;
				GCC_WARN_UNDECLARED_SELECTOR = YES;
				GCC_WARN_UNINITIALIZED_AUTOS = YES_AGGRESSIVE;
				GCC_WARN_UNUSED_FUNCTION = YES;
				GCC_WARN_UNUSED_VARIABLE = YES;
				IPHONEOS_DEPLOYMENT_TARGET = 17.2;
				LOCALIZATION_PREFERS_STRING_CATALOGS = YES;
				MTL_ENABLE_DEBUG_INFO = INCLUDE_SOURCE;
				MTL_FAST_MATH = YES;
				ONLY_ACTIVE_ARCH = YES;
				SDKROOT = iphoneos;
				SWIFT_ACTIVE_COMPILATION_CONDITIONS = "DEBUG $(inherited)";
				SWIFT_OPTIMIZATION_LEVEL = "-Onone";
			};
			name = Debug;
		};
		F4077C262BBE06BA003631A1 /* Release */ = {
			isa = XCBuildConfiguration;
			buildSettings = {
				ALWAYS_SEARCH_USER_PATHS = NO;
				ASSETCATALOG_COMPILER_GENERATE_SWIFT_ASSET_SYMBOL_EXTENSIONS = YES;
				CLANG_ANALYZER_NONNULL = YES;
				CLANG_ANALYZER_NUMBER_OBJECT_CONVERSION = YES_AGGRESSIVE;
				CLANG_CXX_LANGUAGE_STANDARD = "gnu++20";
				CLANG_ENABLE_MODULES = YES;
				CLANG_ENABLE_OBJC_ARC = YES;
				CLANG_ENABLE_OBJC_WEAK = YES;
				CLANG_WARN_BLOCK_CAPTURE_AUTORELEASING = YES;
				CLANG_WARN_BOOL_CONVERSION = YES;
				CLANG_WARN_COMMA = YES;
				CLANG_WARN_CONSTANT_CONVERSION = YES;
				CLANG_WARN_DEPRECATED_OBJC_IMPLEMENTATIONS = YES;
				CLANG_WARN_DIRECT_OBJC_ISA_USAGE = YES_ERROR;
				CLANG_WARN_DOCUMENTATION_COMMENTS = YES;
				CLANG_WARN_EMPTY_BODY = YES;
				CLANG_WARN_ENUM_CONVERSION = YES;
				CLANG_WARN_INFINITE_RECURSION = YES;
				CLANG_WARN_INT_CONVERSION = YES;
				CLANG_WARN_NON_LITERAL_NULL_CONVERSION = YES;
				CLANG_WARN_OBJC_IMPLICIT_RETAIN_SELF = YES;
				CLANG_WARN_OBJC_LITERAL_CONVERSION = YES;
				CLANG_WARN_OBJC_ROOT_CLASS = YES_ERROR;
				CLANG_WARN_QUOTED_INCLUDE_IN_FRAMEWORK_HEADER = YES;
				CLANG_WARN_RANGE_LOOP_ANALYSIS = YES;
				CLANG_WARN_STRICT_PROTOTYPES = YES;
				CLANG_WARN_SUSPICIOUS_MOVE = YES;
				CLANG_WARN_UNGUARDED_AVAILABILITY = YES_AGGRESSIVE;
				CLANG_WARN_UNREACHABLE_CODE = YES;
				CLANG_WARN__DUPLICATE_METHOD_MATCH = YES;
				COPY_PHASE_STRIP = NO;
				DEBUG_INFORMATION_FORMAT = "dwarf-with-dsym";
				ENABLE_NS_ASSERTIONS = NO;
				ENABLE_STRICT_OBJC_MSGSEND = YES;
				ENABLE_USER_SCRIPT_SANDBOXING = YES;
				GCC_C_LANGUAGE_STANDARD = gnu17;
				GCC_NO_COMMON_BLOCKS = YES;
				GCC_WARN_64_TO_32_BIT_CONVERSION = YES;
				GCC_WARN_ABOUT_RETURN_TYPE = YES_ERROR;
				GCC_WARN_UNDECLARED_SELECTOR = YES;
				GCC_WARN_UNINITIALIZED_AUTOS = YES_AGGRESSIVE;
				GCC_WARN_UNUSED_FUNCTION = YES;
				GCC_WARN_UNUSED_VARIABLE = YES;
				IPHONEOS_DEPLOYMENT_TARGET = 17.2;
				LOCALIZATION_PREFERS_STRING_CATALOGS = YES;
				MTL_ENABLE_DEBUG_INFO = NO;
				MTL_FAST_MATH = YES;
				SDKROOT = iphoneos;
				SWIFT_COMPILATION_MODE = wholemodule;
				VALIDATE_PRODUCT = YES;
			};
			name = Release;
		};
		F4077C282BBE06BA003631A1 /* Debug */ = {
			isa = XCBuildConfiguration;
			buildSettings = {
				ASSETCATALOG_COMPILER_APPICON_NAME = AppIcon;
				ASSETCATALOG_COMPILER_GLOBAL_ACCENT_COLOR_NAME = AccentColor;
				CODE_SIGN_STYLE = Automatic;
				CURRENT_PROJECT_VERSION = 1;
				DEVELOPMENT_TEAM = 56LH8HRLUR;
				GENERATE_INFOPLIST_FILE = YES;
				INFOPLIST_FILE = Cointrunk/Info.plist;
				INFOPLIST_KEY_CFBundleDisplayName = Cointrunk;
				INFOPLIST_KEY_UIApplicationSupportsIndirectInputEvents = YES;
				INFOPLIST_KEY_UILaunchStoryboardName = LaunchScreen;
				INFOPLIST_KEY_UISupportedInterfaceOrientations = UIInterfaceOrientationPortrait;
				INFOPLIST_KEY_UISupportedInterfaceOrientations_iPad = "UIInterfaceOrientationLandscapeLeft UIInterfaceOrientationLandscapeRight UIInterfaceOrientationPortrait UIInterfaceOrientationPortraitUpsideDown";
				IPHONEOS_DEPLOYMENT_TARGET = 13.0;
				LD_RUNPATH_SEARCH_PATHS = (
					"$(inherited)",
					"@executable_path/Frameworks",
				);
				MARKETING_VERSION = 1.0;
				PRODUCT_BUNDLE_IDENTIFIER = com.borisov.Cointrunk;
				PRODUCT_NAME = "$(TARGET_NAME)";
				SUPPORTED_PLATFORMS = "iphoneos iphonesimulator";
				SUPPORTS_MACCATALYST = NO;
				SUPPORTS_MAC_DESIGNED_FOR_IPHONE_IPAD = NO;
				SUPPORTS_XR_DESIGNED_FOR_IPHONE_IPAD = NO;
				SWIFT_EMIT_LOC_STRINGS = YES;
				SWIFT_VERSION = 5.0;
				TARGETED_DEVICE_FAMILY = 1;
			};
			name = Debug;
		};
		F4077C292BBE06BA003631A1 /* Release */ = {
			isa = XCBuildConfiguration;
			buildSettings = {
				ASSETCATALOG_COMPILER_APPICON_NAME = AppIcon;
				ASSETCATALOG_COMPILER_GLOBAL_ACCENT_COLOR_NAME = AccentColor;
				CODE_SIGN_STYLE = Automatic;
				CURRENT_PROJECT_VERSION = 1;
				DEVELOPMENT_TEAM = 56LH8HRLUR;
				GENERATE_INFOPLIST_FILE = YES;
				INFOPLIST_FILE = Cointrunk/Info.plist;
				INFOPLIST_KEY_CFBundleDisplayName = Cointrunk;
				INFOPLIST_KEY_UIApplicationSupportsIndirectInputEvents = YES;
				INFOPLIST_KEY_UILaunchStoryboardName = LaunchScreen;
				INFOPLIST_KEY_UISupportedInterfaceOrientations = UIInterfaceOrientationPortrait;
				INFOPLIST_KEY_UISupportedInterfaceOrientations_iPad = "UIInterfaceOrientationLandscapeLeft UIInterfaceOrientationLandscapeRight UIInterfaceOrientationPortrait UIInterfaceOrientationPortraitUpsideDown";
				IPHONEOS_DEPLOYMENT_TARGET = 13.0;
				LD_RUNPATH_SEARCH_PATHS = (
					"$(inherited)",
					"@executable_path/Frameworks",
				);
				MARKETING_VERSION = 1.0;
				PRODUCT_BUNDLE_IDENTIFIER = com.borisov.Cointrunk;
				PRODUCT_NAME = "$(TARGET_NAME)";
				SUPPORTED_PLATFORMS = "iphoneos iphonesimulator";
				SUPPORTS_MACCATALYST = NO;
				SUPPORTS_MAC_DESIGNED_FOR_IPHONE_IPAD = NO;
				SUPPORTS_XR_DESIGNED_FOR_IPHONE_IPAD = NO;
				SWIFT_EMIT_LOC_STRINGS = YES;
				SWIFT_VERSION = 5.0;
				TARGETED_DEVICE_FAMILY = 1;
			};
			name = Release;
		};
/* End XCBuildConfiguration section */

/* Begin XCConfigurationList section */
		F4077C0B2BBE06B9003631A1 /* Build configuration list for PBXProject "Cointrunk" */ = {
			isa = XCConfigurationList;
			buildConfigurations = (
				F4077C252BBE06BA003631A1 /* Debug */,
				F4077C262BBE06BA003631A1 /* Release */,
			);
			defaultConfigurationIsVisible = 0;
			defaultConfigurationName = Release;
		};
		F4077C272BBE06BA003631A1 /* Build configuration list for PBXNativeTarget "Cointrunk" */ = {
			isa = XCConfigurationList;
			buildConfigurations = (
				F4077C282BBE06BA003631A1 /* Debug */,
				F4077C292BBE06BA003631A1 /* Release */,
			);
			defaultConfigurationIsVisible = 0;
			defaultConfigurationName = Release;
		};
/* End XCConfigurationList section */

/* Begin XCVersionGroup section */
		F4077C1C2BBE06B9003631A1 /* Cointrunk.xcdatamodeld */ = {
			isa = XCVersionGroup;
			children = (
				F4077C1D2BBE06B9003631A1 /* Cointrunk.xcdatamodel */,
			);
			currentVersion = F4077C1D2BBE06B9003631A1 /* Cointrunk.xcdatamodel */;
			path = Cointrunk.xcdatamodeld;
			sourceTree = "<group>";
			versionGroupType = wrapper.xcdatamodel;
		};
/* End XCVersionGroup section */
	};
	rootObject = F4077C082BBE06B9003631A1 /* Project object */;
}
